
Microsoft Visual Studio Solution File, Format Version 12.00
# Visual Studio Version 17
VisualStudioVersion = 17.12.35707.178 d17.12
MinimumVisualStudioVersion = 10.0.40219.1
Project("{2150E333-8FDC-42A3-9474-1A3956D46DE8}") = "Services", "Services", "{54B5F396-7634-46B0-9873-2EB9C80A2C03}"
EndProject
Project("{2150E333-8FDC-42A3-9474-1A3956D46DE8}") = "Catalog", "Catalog", "{57859E0C-0F63-46F8-B7F4-EFC059E6AEB6}"
EndProject
Project("{FAE04EC0-301F-11D3-BF4B-00C04F79EFBC}") = "Catalog.API", "Services\Catalog\Catalog.API\Catalog.API.csproj", "{F9D3E873-00AC-4408-A367-68245A953E80}"
EndProject
Global
	GlobalSection(SolutionConfigurationPlatforms) = preSolution
		Debug|Any CPU = Debug|Any CPU
		Release|Any CPU = Release|Any CPU
	EndGlobalSection
	GlobalSection(ProjectConfigurationPlatforms) = postSolution
		{F9D3E873-00AC-4408-A367-68245A953E80}.Debug|Any CPU.ActiveCfg = Debug|Any CPU
		{F9D3E873-00AC-4408-A367-68245A953E80}.Debug|Any CPU.Build.0 = Debug|Any CPU
		{F9D3E873-00AC-4408-A367-68245A953E80}.Release|Any CPU.ActiveCfg = Release|Any CPU
		{F9D3E873-00AC-4408-A367-68245A953E80}.Release|Any CPU.Build.0 = Release|Any CPU
	EndGlobalSection
	GlobalSection(SolutionProperties) = preSolution
		HideSolutionNode = FALSE
	EndGlobalSection
	GlobalSection(NestedProjects) = preSolution
		{57859E0C-0F63-46F8-B7F4-EFC059E6AEB6} = {54B5F396-7634-46B0-9873-2EB9C80A2C03}
		{F9D3E873-00AC-4408-A367-68245A953E80} = {57859E0C-0F63-46F8-B7F4-EFC059E6AEB6}
	EndGlobalSection
EndGlobal
